
Microsoft Visual Studio Solution File, Format Version 12.00
# TcXaeShell Solution File, Format Version 11.00
VisualStudioVersion = 15.0.35116.124
MinimumVisualStudioVersion = 10.0.40219.1
Project("{B1E792BE-AA5F-4E3C-8C82-674BF9C0715B}") = "TwinCAT Project Working", "TwinCAT Project1\TwinCAT Project Working.tsproj", "{EA8EAE8F-60D6-4283-99C2-E5C2FA815E42}"
EndProject
Global
	GlobalSection(SolutionConfigurationPlatforms) = preSolution
		Debug|TwinCAT CE7 (ARMV7) = Debug|TwinCAT CE7 (ARMV7)
		Debug|TwinCAT OS (ARMT2) = Debug|TwinCAT OS (ARMT2)
		Debug|TwinCAT RT (x64) = Debug|TwinCAT RT (x64)
		Debug|TwinCAT RT (x86) = Debug|TwinCAT RT (x86)
		Release|TwinCAT CE7 (ARMV7) = Release|TwinCAT CE7 (ARMV7)
		Release|TwinCAT OS (ARMT2) = Release|TwinCAT OS (ARMT2)
		Release|TwinCAT RT (x64) = Release|TwinCAT RT (x64)
		Release|TwinCAT RT (x86) = Release|TwinCAT RT (x86)
	EndGlobalSection
	GlobalSection(ProjectConfigurationPlatforms) = postSolution
		{EA8EAE8F-60D6-4283-99C2-E5C2FA815E42}.Debug|TwinCAT CE7 (ARMV7).ActiveCfg = Debug|TwinCAT CE7 (ARMV7)
		{EA8EAE8F-60D6-4283-99C2-E5C2FA815E42}.Debug|TwinCAT CE7 (ARMV7).Build.0 = Debug|TwinCAT CE7 (ARMV7)
		{EA8EAE8F-60D6-4283-99C2-E5C2FA815E42}.Debug|TwinCAT OS (ARMT2).ActiveCfg = Debug|TwinCAT OS (ARMT2)
		{EA8EAE8F-60D6-4283-99C2-E5C2FA815E42}.Debug|TwinCAT OS (ARMT2).Build.0 = Debug|TwinCAT OS (ARMT2)
		{EA8EAE8F-60D6-4283-99C2-E5C2FA815E42}.Debug|TwinCAT RT (x64).ActiveCfg = Debug|TwinCAT RT (x64)
		{EA8EAE8F-60D6-4283-99C2-E5C2FA815E42}.Debug|TwinCAT RT (x64).Build.0 = Debug|TwinCAT RT (x64)
		{EA8EAE8F-60D6-4283-99C2-E5C2FA815E42}.Debug|TwinCAT RT (x86).ActiveCfg = Debug|TwinCAT RT (x86)
		{EA8EAE8F-60D6-4283-99C2-E5C2FA815E42}.Debug|TwinCAT RT (x86).Build.0 = Debug|TwinCAT RT (x86)
		{EA8EAE8F-60D6-4283-99C2-E5C2FA815E42}.Release|TwinCAT CE7 (ARMV7).ActiveCfg = Release|TwinCAT CE7 (ARMV7)
		{EA8EAE8F-60D6-4283-99C2-E5C2FA815E42}.Release|TwinCAT CE7 (ARMV7).Build.0 = Release|TwinCAT CE7 (ARMV7)
		{EA8EAE8F-60D6-4283-99C2-E5C2FA815E42}.Release|TwinCAT OS (ARMT2).ActiveCfg = Release|TwinCAT OS (ARMT2)
		{EA8EAE8F-60D6-4283-99C2-E5C2FA815E42}.Release|TwinCAT OS (ARMT2).Build.0 = Release|TwinCAT OS (ARMT2)
		{EA8EAE8F-60D6-4283-99C2-E5C2FA815E42}.Release|TwinCAT RT (x64).ActiveCfg = Release|TwinCAT RT (x64)
		{EA8EAE8F-60D6-4283-99C2-E5C2FA815E42}.Release|TwinCAT RT (x64).Build.0 = Release|TwinCAT RT (x64)
		{EA8EAE8F-60D6-4283-99C2-E5C2FA815E42}.Release|TwinCAT RT (x86).ActiveCfg = Release|TwinCAT RT (x86)
		{EA8EAE8F-60D6-4283-99C2-E5C2FA815E42}.Release|TwinCAT RT (x86).Build.0 = Release|TwinCAT RT (x86)
	EndGlobalSection
	GlobalSection(SolutionProperties) = preSolution
		HideSolutionNode = FALSE
	EndGlobalSection
	GlobalSection(ExtensibilityGlobals) = postSolution
		SolutionGuid = {BAA82451-0D96-4308-85AD-9EC75D774E2A}
	EndGlobalSection
EndGlobal
